
Microsoft Visual Studio Solution File, Format Version 12.00
# Visual Studio 15
VisualStudioVersion = 15.0.26124.0
MinimumVisualStudioVersion = 15.0.26124.0
Project("{2150E333-8FDC-42A3-9474-1A3956D46DE8}") = "Code", "Code", "{B0D4299D-EDF2-4277-8C33-E774941636E0}"
EndProject
Project("{FAE04EC0-301F-11D3-BF4B-00C04F79EFBC}") = "dotnetmrabug.Api", "Code\dotnetmrabug.Api\dotnetmrabug.Api.csproj", "{DCDE1DA8-7BB1-40B7-B200-75EDB97800C1}"
EndProject
Project("{FAE04EC0-301F-11D3-BF4B-00C04F79EFBC}") = "dotnetmrabug.BusinessEntities", "Code\dotnetmrabug.BusinessEntities\dotnetmrabug.BusinessEntities.csproj", "{6407E980-29E1-45CD-93EE-CFE7601BD405}"
EndProject
Project("{FAE04EC0-301F-11D3-BF4B-00C04F79EFBC}") = "dotnetmrabug.BusinessServices", "Code\dotnetmrabug.BusinessServices\dotnetmrabug.BusinessServices.csproj", "{D8C3EB36-E843-45A9-BB2C-E9DF32397436}"
EndProject
Project("{FAE04EC0-301F-11D3-BF4B-00C04F79EFBC}") = "dotnetmrabug.Contracts", "Code\dotnetmrabug.Contracts\dotnetmrabug.Contracts.csproj", "{735EA1DC-543B-42DE-BD54-B18B75A8A59C}"
EndProject
Project("{FAE04EC0-301F-11D3-BF4B-00C04F79EFBC}") = "dotnetmrabug.Data", "Code\dotnetmrabug.Data\dotnetmrabug.Data.csproj", "{387EB5D0-3B2E-4258-8D00-FAAF94D9436C}"
EndProject
Project("{FAE04EC0-301F-11D3-BF4B-00C04F79EFBC}") = "dotnetmrabug.Test.Api", "Code\dotnetmrabug.Test.Api\dotnetmrabug.Test.Api.csproj", "{C79D5F89-1394-4AAC-888A-0197F9836776}"
EndProject
Project("{FAE04EC0-301F-11D3-BF4B-00C04F79EFBC}") = "dotnetmrabug.Test.Business", "Code\dotnetmrabug.Test.Business\dotnetmrabug.Test.Business.csproj", "{C4580267-F802-4842-B91D-5109378C5FF6}"
EndProject
Project("{FAE04EC0-301F-11D3-BF4B-00C04F79EFBC}") = "dotnetmrabug.Test.Framework", "Code\dotnetmrabug.Test.Framework\dotnetmrabug.Test.Framework.csproj", "{4CDC9613-1545-4D43-A775-26F5456452E8}"
EndProject
Project("{2150E333-8FDC-42A3-9474-1A3956D46DE8}") = "Test", "Test", "{3B8727D2-BF5B-4161-9E5A-5B36719C3E08}"
EndProject
Global
	GlobalSection(SolutionConfigurationPlatforms) = preSolution
		Debug|Any CPU = Debug|Any CPU
		Debug|x64 = Debug|x64
		Debug|x86 = Debug|x86
		Release|Any CPU = Release|Any CPU
		Release|x64 = Release|x64
		Release|x86 = Release|x86
	EndGlobalSection
	GlobalSection(SolutionProperties) = preSolution
		HideSolutionNode = FALSE
	EndGlobalSection
	GlobalSection(ProjectConfigurationPlatforms) = postSolution
		{DCDE1DA8-7BB1-40B7-B200-75EDB97800C1}.Debug|Any CPU.ActiveCfg = Debug|Any CPU
		{DCDE1DA8-7BB1-40B7-B200-75EDB97800C1}.Debug|Any CPU.Build.0 = Debug|Any CPU
		{DCDE1DA8-7BB1-40B7-B200-75EDB97800C1}.Debug|x64.ActiveCfg = Debug|Any CPU
		{DCDE1DA8-7BB1-40B7-B200-75EDB97800C1}.Debug|x64.Build.0 = Debug|Any CPU
		{DCDE1DA8-7BB1-40B7-B200-75EDB97800C1}.Debug|x86.ActiveCfg = Debug|Any CPU
		{DCDE1DA8-7BB1-40B7-B200-75EDB97800C1}.Debug|x86.Build.0 = Debug|Any CPU
		{DCDE1DA8-7BB1-40B7-B200-75EDB97800C1}.Release|Any CPU.ActiveCfg = Release|Any CPU
		{DCDE1DA8-7BB1-40B7-B200-75EDB97800C1}.Release|Any CPU.Build.0 = Release|Any CPU
		{DCDE1DA8-7BB1-40B7-B200-75EDB97800C1}.Release|x64.ActiveCfg = Release|Any CPU
		{DCDE1DA8-7BB1-40B7-B200-75EDB97800C1}.Release|x64.Build.0 = Release|Any CPU
		{DCDE1DA8-7BB1-40B7-B200-75EDB97800C1}.Release|x86.ActiveCfg = Release|Any CPU
		{DCDE1DA8-7BB1-40B7-B200-75EDB97800C1}.Release|x86.Build.0 = Release|Any CPU
		{6407E980-29E1-45CD-93EE-CFE7601BD405}.Debug|Any CPU.ActiveCfg = Debug|Any CPU
		{6407E980-29E1-45CD-93EE-CFE7601BD405}.Debug|Any CPU.Build.0 = Debug|Any CPU
		{6407E980-29E1-45CD-93EE-CFE7601BD405}.Debug|x64.ActiveCfg = Debug|Any CPU
		{6407E980-29E1-45CD-93EE-CFE7601BD405}.Debug|x64.Build.0 = Debug|Any CPU
		{6407E980-29E1-45CD-93EE-CFE7601BD405}.Debug|x86.ActiveCfg = Debug|Any CPU
		{6407E980-29E1-45CD-93EE-CFE7601BD405}.Debug|x86.Build.0 = Debug|Any CPU
		{6407E980-29E1-45CD-93EE-CFE7601BD405}.Release|Any CPU.ActiveCfg = Release|Any CPU
		{6407E980-29E1-45CD-93EE-CFE7601BD405}.Release|Any CPU.Build.0 = Release|Any CPU
		{6407E980-29E1-45CD-93EE-CFE7601BD405}.Release|x64.ActiveCfg = Release|Any CPU
		{6407E980-29E1-45CD-93EE-CFE7601BD405}.Release|x64.Build.0 = Release|Any CPU
		{6407E980-29E1-45CD-93EE-CFE7601BD405}.Release|x86.ActiveCfg = Release|Any CPU
		{6407E980-29E1-45CD-93EE-CFE7601BD405}.Release|x86.Build.0 = Release|Any CPU
		{D8C3EB36-E843-45A9-BB2C-E9DF32397436}.Debug|Any CPU.ActiveCfg = Debug|Any CPU
		{D8C3EB36-E843-45A9-BB2C-E9DF32397436}.Debug|Any CPU.Build.0 = Debug|Any CPU
		{D8C3EB36-E843-45A9-BB2C-E9DF32397436}.Debug|x64.ActiveCfg = Debug|Any CPU
		{D8C3EB36-E843-45A9-BB2C-E9DF32397436}.Debug|x64.Build.0 = Debug|Any CPU
		{D8C3EB36-E843-45A9-BB2C-E9DF32397436}.Debug|x86.ActiveCfg = Debug|Any CPU
		{D8C3EB36-E843-45A9-BB2C-E9DF32397436}.Debug|x86.Build.0 = Debug|Any CPU
		{D8C3EB36-E843-45A9-BB2C-E9DF32397436}.Release|Any CPU.ActiveCfg = Release|Any CPU
		{D8C3EB36-E843-45A9-BB2C-E9DF32397436}.Release|Any CPU.Build.0 = Release|Any CPU
		{D8C3EB36-E843-45A9-BB2C-E9DF32397436}.Release|x64.ActiveCfg = Release|Any CPU
		{D8C3EB36-E843-45A9-BB2C-E9DF32397436}.Release|x64.Build.0 = Release|Any CPU
		{D8C3EB36-E843-45A9-BB2C-E9DF32397436}.Release|x86.ActiveCfg = Release|Any CPU
		{D8C3EB36-E843-45A9-BB2C-E9DF32397436}.Release|x86.Build.0 = Release|Any CPU
		{735EA1DC-543B-42DE-BD54-B18B75A8A59C}.Debug|Any CPU.ActiveCfg = Debug|Any CPU
		{735EA1DC-543B-42DE-BD54-B18B75A8A59C}.Debug|Any CPU.Build.0 = Debug|Any CPU
		{735EA1DC-543B-42DE-BD54-B18B75A8A59C}.Debug|x64.ActiveCfg = Debug|Any CPU
		{735EA1DC-543B-42DE-BD54-B18B75A8A59C}.Debug|x64.Build.0 = Debug|Any CPU
		{735EA1DC-543B-42DE-BD54-B18B75A8A59C}.Debug|x86.ActiveCfg = Debug|Any CPU
		{735EA1DC-543B-42DE-BD54-B18B75A8A59C}.Debug|x86.Build.0 = Debug|Any CPU
		{735EA1DC-543B-42DE-BD54-B18B75A8A59C}.Release|Any CPU.ActiveCfg = Release|Any CPU
		{735EA1DC-543B-42DE-BD54-B18B75A8A59C}.Release|Any CPU.Build.0 = Release|Any CPU
		{735EA1DC-543B-42DE-BD54-B18B75A8A59C}.Release|x64.ActiveCfg = Release|Any CPU
		{735EA1DC-543B-42DE-BD54-B18B75A8A59C}.Release|x64.Build.0 = Release|Any CPU
		{735EA1DC-543B-42DE-BD54-B18B75A8A59C}.Release|x86.ActiveCfg = Release|Any CPU
		{735EA1DC-543B-42DE-BD54-B18B75A8A59C}.Release|x86.Build.0 = Release|Any CPU
		{387EB5D0-3B2E-4258-8D00-FAAF94D9436C}.Debug|Any CPU.ActiveCfg = Debug|Any CPU
		{387EB5D0-3B2E-4258-8D00-FAAF94D9436C}.Debug|Any CPU.Build.0 = Debug|Any CPU
		{387EB5D0-3B2E-4258-8D00-FAAF94D9436C}.Debug|x64.ActiveCfg = Debug|Any CPU
		{387EB5D0-3B2E-4258-8D00-FAAF94D9436C}.Debug|x64.Build.0 = Debug|Any CPU
		{387EB5D0-3B2E-4258-8D00-FAAF94D9436C}.Debug|x86.ActiveCfg = Debug|Any CPU
		{387EB5D0-3B2E-4258-8D00-FAAF94D9436C}.Debug|x86.Build.0 = Debug|Any CPU
		{387EB5D0-3B2E-4258-8D00-FAAF94D9436C}.Release|Any CPU.ActiveCfg = Release|Any CPU
		{387EB5D0-3B2E-4258-8D00-FAAF94D9436C}.Release|Any CPU.Build.0 = Release|Any CPU
		{387EB5D0-3B2E-4258-8D00-FAAF94D9436C}.Release|x64.ActiveCfg = Release|Any CPU
		{387EB5D0-3B2E-4258-8D00-FAAF94D9436C}.Release|x64.Build.0 = Release|Any CPU
		{387EB5D0-3B2E-4258-8D00-FAAF94D9436C}.Release|x86.ActiveCfg = Release|Any CPU
		{387EB5D0-3B2E-4258-8D00-FAAF94D9436C}.Release|x86.Build.0 = Release|Any CPU
		{C79D5F89-1394-4AAC-888A-0197F9836776}.Debug|Any CPU.ActiveCfg = Debug|Any CPU
		{C79D5F89-1394-4AAC-888A-0197F9836776}.Debug|Any CPU.Build.0 = Debug|Any CPU
		{C79D5F89-1394-4AAC-888A-0197F9836776}.Debug|x64.ActiveCfg = Debug|Any CPU
		{C79D5F89-1394-4AAC-888A-0197F9836776}.Debug|x64.Build.0 = Debug|Any CPU
		{C79D5F89-1394-4AAC-888A-0197F9836776}.Debug|x86.ActiveCfg = Debug|Any CPU
		{C79D5F89-1394-4AAC-888A-0197F9836776}.Debug|x86.Build.0 = Debug|Any CPU
		{C79D5F89-1394-4AAC-888A-0197F9836776}.Release|Any CPU.ActiveCfg = Release|Any CPU
		{C79D5F89-1394-4AAC-888A-0197F9836776}.Release|Any CPU.Build.0 = Release|Any CPU
		{C79D5F89-1394-4AAC-888A-0197F9836776}.Release|x64.ActiveCfg = Release|Any CPU
		{C79D5F89-1394-4AAC-888A-0197F9836776}.Release|x64.Build.0 = Release|Any CPU
		{C79D5F89-1394-4AAC-888A-0197F9836776}.Release|x86.ActiveCfg = Release|Any CPU
		{C79D5F89-1394-4AAC-888A-0197F9836776}.Release|x86.Build.0 = Release|Any CPU
		{C4580267-F802-4842-B91D-5109378C5FF6}.Debug|Any CPU.ActiveCfg = Debug|Any CPU
		{C4580267-F802-4842-B91D-5109378C5FF6}.Debug|Any CPU.Build.0 = Debug|Any CPU
		{C4580267-F802-4842-B91D-5109378C5FF6}.Debug|x64.ActiveCfg = Debug|Any CPU
		{C4580267-F802-4842-B91D-5109378C5FF6}.Debug|x64.Build.0 = Debug|Any CPU
		{C4580267-F802-4842-B91D-5109378C5FF6}.Debug|x86.ActiveCfg = Debug|Any CPU
		{C4580267-F802-4842-B91D-5109378C5FF6}.Debug|x86.Build.0 = Debug|Any CPU
		{C4580267-F802-4842-B91D-5109378C5FF6}.Release|Any CPU.ActiveCfg = Release|Any CPU
		{C4580267-F802-4842-B91D-5109378C5FF6}.Release|Any CPU.Build.0 = Release|Any CPU
		{C4580267-F802-4842-B91D-5109378C5FF6}.Release|x64.ActiveCfg = Release|Any CPU
		{C4580267-F802-4842-B91D-5109378C5FF6}.Release|x64.Build.0 = Release|Any CPU
		{C4580267-F802-4842-B91D-5109378C5FF6}.Release|x86.ActiveCfg = Release|Any CPU
		{C4580267-F802-4842-B91D-5109378C5FF6}.Release|x86.Build.0 = Release|Any CPU
		{4CDC9613-1545-4D43-A775-26F5456452E8}.Debug|Any CPU.ActiveCfg = Debug|Any CPU
		{4CDC9613-1545-4D43-A775-26F5456452E8}.Debug|Any CPU.Build.0 = Debug|Any CPU
		{4CDC9613-1545-4D43-A775-26F5456452E8}.Debug|x64.ActiveCfg = Debug|Any CPU
		{4CDC9613-1545-4D43-A775-26F5456452E8}.Debug|x64.Build.0 = Debug|Any CPU
		{4CDC9613-1545-4D43-A775-26F5456452E8}.Debug|x86.ActiveCfg = Debug|Any CPU
		{4CDC9613-1545-4D43-A775-26F5456452E8}.Debug|x86.Build.0 = Debug|Any CPU
		{4CDC9613-1545-4D43-A775-26F5456452E8}.Release|Any CPU.ActiveCfg = Release|Any CPU
		{4CDC9613-1545-4D43-A775-26F5456452E8}.Release|Any CPU.Build.0 = Release|Any CPU
		{4CDC9613-1545-4D43-A775-26F5456452E8}.Release|x64.ActiveCfg = Release|Any CPU
		{4CDC9613-1545-4D43-A775-26F5456452E8}.Release|x64.Build.0 = Release|Any CPU
		{4CDC9613-1545-4D43-A775-26F5456452E8}.Release|x86.ActiveCfg = Release|Any CPU
		{4CDC9613-1545-4D43-A775-26F5456452E8}.Release|x86.Build.0 = Release|Any CPU
	EndGlobalSection
	GlobalSection(NestedProjects) = preSolution
		{DCDE1DA8-7BB1-40B7-B200-75EDB97800C1} = {B0D4299D-EDF2-4277-8C33-E774941636E0}
		{6407E980-29E1-45CD-93EE-CFE7601BD405} = {B0D4299D-EDF2-4277-8C33-E774941636E0}
		{D8C3EB36-E843-45A9-BB2C-E9DF32397436} = {B0D4299D-EDF2-4277-8C33-E774941636E0}
		{735EA1DC-543B-42DE-BD54-B18B75A8A59C} = {B0D4299D-EDF2-4277-8C33-E774941636E0}
		{387EB5D0-3B2E-4258-8D00-FAAF94D9436C} = {B0D4299D-EDF2-4277-8C33-E774941636E0}
		{C79D5F89-1394-4AAC-888A-0197F9836776} = {3B8727D2-BF5B-4161-9E5A-5B36719C3E08}
		{C4580267-F802-4842-B91D-5109378C5FF6} = {3B8727D2-BF5B-4161-9E5A-5B36719C3E08}
		{4CDC9613-1545-4D43-A775-26F5456452E8} = {3B8727D2-BF5B-4161-9E5A-5B36719C3E08}
	EndGlobalSection
EndGlobal
