
Microsoft Visual Studio Solution File, Format Version 12.00
# Visual Studio 15
VisualStudioVersion = 15.0.26124.0
MinimumVisualStudioVersion = 15.0.26124.0
Project("{2150E333-8FDC-42A3-9474-1A3956D46DE8}") = "Code", "Code", "{F5CAA08C-E892-4576-AED1-A87CE566911F}"
EndProject
Project("{FAE04EC0-301F-11D3-BF4B-00C04F79EFBC}") = "test.Api", "Code\test.Api\test.Api.csproj", "{91D8C3EA-44E1-47D1-B391-80D751431EAB}"
EndProject
Project("{FAE04EC0-301F-11D3-BF4B-00C04F79EFBC}") = "test.BusinessEntities", "Code\test.BusinessEntities\test.BusinessEntities.csproj", "{4C6252D5-9D0D-4679-AE32-5D8209D8D46C}"
EndProject
Project("{FAE04EC0-301F-11D3-BF4B-00C04F79EFBC}") = "test.BusinessServices", "Code\test.BusinessServices\test.BusinessServices.csproj", "{57481007-1F9E-4C66-8EBF-E65805FB4F6C}"
EndProject
Project("{FAE04EC0-301F-11D3-BF4B-00C04F79EFBC}") = "test.Contracts", "Code\test.Contracts\test.Contracts.csproj", "{95EF669E-2D1E-4FC5-9D33-43DCF0D6D3D1}"
EndProject
Project("{FAE04EC0-301F-11D3-BF4B-00C04F79EFBC}") = "test.Data", "Code\test.Data\test.Data.csproj", "{7ED55EFA-A93E-4B39-ADDC-20A0C8322490}"
EndProject
Project("{FAE04EC0-301F-11D3-BF4B-00C04F79EFBC}") = "test.Test.Api", "Code\test.Test.Api\test.Test.Api.csproj", "{AC6EAE32-A100-48B6-82E3-108966B29462}"
EndProject
Project("{FAE04EC0-301F-11D3-BF4B-00C04F79EFBC}") = "test.Test.Business", "Code\test.Test.Business\test.Test.Business.csproj", "{74B96B23-1A1E-4B3A-8540-2900EE402F29}"
EndProject
Project("{FAE04EC0-301F-11D3-BF4B-00C04F79EFBC}") = "test.Test.Framework", "Code\test.Test.Framework\test.Test.Framework.csproj", "{BC9F4D5C-AC15-4D05-A494-9C46664838EA}"
EndProject
Project("{2150E333-8FDC-42A3-9474-1A3956D46DE8}") = "Test", "Test", "{6E446645-F32E-40A8-9868-14CF7D1DB5AF}"
EndProject
Global
	GlobalSection(SolutionConfigurationPlatforms) = preSolution
		Debug|Any CPU = Debug|Any CPU
		Debug|x64 = Debug|x64
		Debug|x86 = Debug|x86
		Release|Any CPU = Release|Any CPU
		Release|x64 = Release|x64
		Release|x86 = Release|x86
	EndGlobalSection
	GlobalSection(SolutionProperties) = preSolution
		HideSolutionNode = FALSE
	EndGlobalSection
	GlobalSection(ProjectConfigurationPlatforms) = postSolution
		{91D8C3EA-44E1-47D1-B391-80D751431EAB}.Debug|Any CPU.ActiveCfg = Debug|Any CPU
		{91D8C3EA-44E1-47D1-B391-80D751431EAB}.Debug|Any CPU.Build.0 = Debug|Any CPU
		{91D8C3EA-44E1-47D1-B391-80D751431EAB}.Debug|x64.ActiveCfg = Debug|Any CPU
		{91D8C3EA-44E1-47D1-B391-80D751431EAB}.Debug|x64.Build.0 = Debug|Any CPU
		{91D8C3EA-44E1-47D1-B391-80D751431EAB}.Debug|x86.ActiveCfg = Debug|Any CPU
		{91D8C3EA-44E1-47D1-B391-80D751431EAB}.Debug|x86.Build.0 = Debug|Any CPU
		{91D8C3EA-44E1-47D1-B391-80D751431EAB}.Release|Any CPU.ActiveCfg = Release|Any CPU
		{91D8C3EA-44E1-47D1-B391-80D751431EAB}.Release|Any CPU.Build.0 = Release|Any CPU
		{91D8C3EA-44E1-47D1-B391-80D751431EAB}.Release|x64.ActiveCfg = Release|Any CPU
		{91D8C3EA-44E1-47D1-B391-80D751431EAB}.Release|x64.Build.0 = Release|Any CPU
		{91D8C3EA-44E1-47D1-B391-80D751431EAB}.Release|x86.ActiveCfg = Release|Any CPU
		{91D8C3EA-44E1-47D1-B391-80D751431EAB}.Release|x86.Build.0 = Release|Any CPU
		{4C6252D5-9D0D-4679-AE32-5D8209D8D46C}.Debug|Any CPU.ActiveCfg = Debug|Any CPU
		{4C6252D5-9D0D-4679-AE32-5D8209D8D46C}.Debug|Any CPU.Build.0 = Debug|Any CPU
		{4C6252D5-9D0D-4679-AE32-5D8209D8D46C}.Debug|x64.ActiveCfg = Debug|Any CPU
		{4C6252D5-9D0D-4679-AE32-5D8209D8D46C}.Debug|x64.Build.0 = Debug|Any CPU
		{4C6252D5-9D0D-4679-AE32-5D8209D8D46C}.Debug|x86.ActiveCfg = Debug|Any CPU
		{4C6252D5-9D0D-4679-AE32-5D8209D8D46C}.Debug|x86.Build.0 = Debug|Any CPU
		{4C6252D5-9D0D-4679-AE32-5D8209D8D46C}.Release|Any CPU.ActiveCfg = Release|Any CPU
		{4C6252D5-9D0D-4679-AE32-5D8209D8D46C}.Release|Any CPU.Build.0 = Release|Any CPU
		{4C6252D5-9D0D-4679-AE32-5D8209D8D46C}.Release|x64.ActiveCfg = Release|Any CPU
		{4C6252D5-9D0D-4679-AE32-5D8209D8D46C}.Release|x64.Build.0 = Release|Any CPU
		{4C6252D5-9D0D-4679-AE32-5D8209D8D46C}.Release|x86.ActiveCfg = Release|Any CPU
		{4C6252D5-9D0D-4679-AE32-5D8209D8D46C}.Release|x86.Build.0 = Release|Any CPU
		{57481007-1F9E-4C66-8EBF-E65805FB4F6C}.Debug|Any CPU.ActiveCfg = Debug|Any CPU
		{57481007-1F9E-4C66-8EBF-E65805FB4F6C}.Debug|Any CPU.Build.0 = Debug|Any CPU
		{57481007-1F9E-4C66-8EBF-E65805FB4F6C}.Debug|x64.ActiveCfg = Debug|Any CPU
		{57481007-1F9E-4C66-8EBF-E65805FB4F6C}.Debug|x64.Build.0 = Debug|Any CPU
		{57481007-1F9E-4C66-8EBF-E65805FB4F6C}.Debug|x86.ActiveCfg = Debug|Any CPU
		{57481007-1F9E-4C66-8EBF-E65805FB4F6C}.Debug|x86.Build.0 = Debug|Any CPU
		{57481007-1F9E-4C66-8EBF-E65805FB4F6C}.Release|Any CPU.ActiveCfg = Release|Any CPU
		{57481007-1F9E-4C66-8EBF-E65805FB4F6C}.Release|Any CPU.Build.0 = Release|Any CPU
		{57481007-1F9E-4C66-8EBF-E65805FB4F6C}.Release|x64.ActiveCfg = Release|Any CPU
		{57481007-1F9E-4C66-8EBF-E65805FB4F6C}.Release|x64.Build.0 = Release|Any CPU
		{57481007-1F9E-4C66-8EBF-E65805FB4F6C}.Release|x86.ActiveCfg = Release|Any CPU
		{57481007-1F9E-4C66-8EBF-E65805FB4F6C}.Release|x86.Build.0 = Release|Any CPU
		{95EF669E-2D1E-4FC5-9D33-43DCF0D6D3D1}.Debug|Any CPU.ActiveCfg = Debug|Any CPU
		{95EF669E-2D1E-4FC5-9D33-43DCF0D6D3D1}.Debug|Any CPU.Build.0 = Debug|Any CPU
		{95EF669E-2D1E-4FC5-9D33-43DCF0D6D3D1}.Debug|x64.ActiveCfg = Debug|Any CPU
		{95EF669E-2D1E-4FC5-9D33-43DCF0D6D3D1}.Debug|x64.Build.0 = Debug|Any CPU
		{95EF669E-2D1E-4FC5-9D33-43DCF0D6D3D1}.Debug|x86.ActiveCfg = Debug|Any CPU
		{95EF669E-2D1E-4FC5-9D33-43DCF0D6D3D1}.Debug|x86.Build.0 = Debug|Any CPU
		{95EF669E-2D1E-4FC5-9D33-43DCF0D6D3D1}.Release|Any CPU.ActiveCfg = Release|Any CPU
		{95EF669E-2D1E-4FC5-9D33-43DCF0D6D3D1}.Release|Any CPU.Build.0 = Release|Any CPU
		{95EF669E-2D1E-4FC5-9D33-43DCF0D6D3D1}.Release|x64.ActiveCfg = Release|Any CPU
		{95EF669E-2D1E-4FC5-9D33-43DCF0D6D3D1}.Release|x64.Build.0 = Release|Any CPU
		{95EF669E-2D1E-4FC5-9D33-43DCF0D6D3D1}.Release|x86.ActiveCfg = Release|Any CPU
		{95EF669E-2D1E-4FC5-9D33-43DCF0D6D3D1}.Release|x86.Build.0 = Release|Any CPU
		{7ED55EFA-A93E-4B39-ADDC-20A0C8322490}.Debug|Any CPU.ActiveCfg = Debug|Any CPU
		{7ED55EFA-A93E-4B39-ADDC-20A0C8322490}.Debug|Any CPU.Build.0 = Debug|Any CPU
		{7ED55EFA-A93E-4B39-ADDC-20A0C8322490}.Debug|x64.ActiveCfg = Debug|Any CPU
		{7ED55EFA-A93E-4B39-ADDC-20A0C8322490}.Debug|x64.Build.0 = Debug|Any CPU
		{7ED55EFA-A93E-4B39-ADDC-20A0C8322490}.Debug|x86.ActiveCfg = Debug|Any CPU
		{7ED55EFA-A93E-4B39-ADDC-20A0C8322490}.Debug|x86.Build.0 = Debug|Any CPU
		{7ED55EFA-A93E-4B39-ADDC-20A0C8322490}.Release|Any CPU.ActiveCfg = Release|Any CPU
		{7ED55EFA-A93E-4B39-ADDC-20A0C8322490}.Release|Any CPU.Build.0 = Release|Any CPU
		{7ED55EFA-A93E-4B39-ADDC-20A0C8322490}.Release|x64.ActiveCfg = Release|Any CPU
		{7ED55EFA-A93E-4B39-ADDC-20A0C8322490}.Release|x64.Build.0 = Release|Any CPU
		{7ED55EFA-A93E-4B39-ADDC-20A0C8322490}.Release|x86.ActiveCfg = Release|Any CPU
		{7ED55EFA-A93E-4B39-ADDC-20A0C8322490}.Release|x86.Build.0 = Release|Any CPU
		{AC6EAE32-A100-48B6-82E3-108966B29462}.Debug|Any CPU.ActiveCfg = Debug|Any CPU
		{AC6EAE32-A100-48B6-82E3-108966B29462}.Debug|Any CPU.Build.0 = Debug|Any CPU
		{AC6EAE32-A100-48B6-82E3-108966B29462}.Debug|x64.ActiveCfg = Debug|Any CPU
		{AC6EAE32-A100-48B6-82E3-108966B29462}.Debug|x64.Build.0 = Debug|Any CPU
		{AC6EAE32-A100-48B6-82E3-108966B29462}.Debug|x86.ActiveCfg = Debug|Any CPU
		{AC6EAE32-A100-48B6-82E3-108966B29462}.Debug|x86.Build.0 = Debug|Any CPU
		{AC6EAE32-A100-48B6-82E3-108966B29462}.Release|Any CPU.ActiveCfg = Release|Any CPU
		{AC6EAE32-A100-48B6-82E3-108966B29462}.Release|Any CPU.Build.0 = Release|Any CPU
		{AC6EAE32-A100-48B6-82E3-108966B29462}.Release|x64.ActiveCfg = Release|Any CPU
		{AC6EAE32-A100-48B6-82E3-108966B29462}.Release|x64.Build.0 = Release|Any CPU
		{AC6EAE32-A100-48B6-82E3-108966B29462}.Release|x86.ActiveCfg = Release|Any CPU
		{AC6EAE32-A100-48B6-82E3-108966B29462}.Release|x86.Build.0 = Release|Any CPU
		{74B96B23-1A1E-4B3A-8540-2900EE402F29}.Debug|Any CPU.ActiveCfg = Debug|Any CPU
		{74B96B23-1A1E-4B3A-8540-2900EE402F29}.Debug|Any CPU.Build.0 = Debug|Any CPU
		{74B96B23-1A1E-4B3A-8540-2900EE402F29}.Debug|x64.ActiveCfg = Debug|Any CPU
		{74B96B23-1A1E-4B3A-8540-2900EE402F29}.Debug|x64.Build.0 = Debug|Any CPU
		{74B96B23-1A1E-4B3A-8540-2900EE402F29}.Debug|x86.ActiveCfg = Debug|Any CPU
		{74B96B23-1A1E-4B3A-8540-2900EE402F29}.Debug|x86.Build.0 = Debug|Any CPU
		{74B96B23-1A1E-4B3A-8540-2900EE402F29}.Release|Any CPU.ActiveCfg = Release|Any CPU
		{74B96B23-1A1E-4B3A-8540-2900EE402F29}.Release|Any CPU.Build.0 = Release|Any CPU
		{74B96B23-1A1E-4B3A-8540-2900EE402F29}.Release|x64.ActiveCfg = Release|Any CPU
		{74B96B23-1A1E-4B3A-8540-2900EE402F29}.Release|x64.Build.0 = Release|Any CPU
		{74B96B23-1A1E-4B3A-8540-2900EE402F29}.Release|x86.ActiveCfg = Release|Any CPU
		{74B96B23-1A1E-4B3A-8540-2900EE402F29}.Release|x86.Build.0 = Release|Any CPU
		{BC9F4D5C-AC15-4D05-A494-9C46664838EA}.Debug|Any CPU.ActiveCfg = Debug|Any CPU
		{BC9F4D5C-AC15-4D05-A494-9C46664838EA}.Debug|Any CPU.Build.0 = Debug|Any CPU
		{BC9F4D5C-AC15-4D05-A494-9C46664838EA}.Debug|x64.ActiveCfg = Debug|Any CPU
		{BC9F4D5C-AC15-4D05-A494-9C46664838EA}.Debug|x64.Build.0 = Debug|Any CPU
		{BC9F4D5C-AC15-4D05-A494-9C46664838EA}.Debug|x86.ActiveCfg = Debug|Any CPU
		{BC9F4D5C-AC15-4D05-A494-9C46664838EA}.Debug|x86.Build.0 = Debug|Any CPU
		{BC9F4D5C-AC15-4D05-A494-9C46664838EA}.Release|Any CPU.ActiveCfg = Release|Any CPU
		{BC9F4D5C-AC15-4D05-A494-9C46664838EA}.Release|Any CPU.Build.0 = Release|Any CPU
		{BC9F4D5C-AC15-4D05-A494-9C46664838EA}.Release|x64.ActiveCfg = Release|Any CPU
		{BC9F4D5C-AC15-4D05-A494-9C46664838EA}.Release|x64.Build.0 = Release|Any CPU
		{BC9F4D5C-AC15-4D05-A494-9C46664838EA}.Release|x86.ActiveCfg = Release|Any CPU
		{BC9F4D5C-AC15-4D05-A494-9C46664838EA}.Release|x86.Build.0 = Release|Any CPU
	EndGlobalSection
	GlobalSection(NestedProjects) = preSolution
		{91D8C3EA-44E1-47D1-B391-80D751431EAB} = {F5CAA08C-E892-4576-AED1-A87CE566911F}
		{4C6252D5-9D0D-4679-AE32-5D8209D8D46C} = {F5CAA08C-E892-4576-AED1-A87CE566911F}
		{57481007-1F9E-4C66-8EBF-E65805FB4F6C} = {F5CAA08C-E892-4576-AED1-A87CE566911F}
		{95EF669E-2D1E-4FC5-9D33-43DCF0D6D3D1} = {F5CAA08C-E892-4576-AED1-A87CE566911F}
		{7ED55EFA-A93E-4B39-ADDC-20A0C8322490} = {F5CAA08C-E892-4576-AED1-A87CE566911F}
		{AC6EAE32-A100-48B6-82E3-108966B29462} = {6E446645-F32E-40A8-9868-14CF7D1DB5AF}
		{74B96B23-1A1E-4B3A-8540-2900EE402F29} = {6E446645-F32E-40A8-9868-14CF7D1DB5AF}
		{BC9F4D5C-AC15-4D05-A494-9C46664838EA} = {6E446645-F32E-40A8-9868-14CF7D1DB5AF}
	EndGlobalSection
EndGlobal
