
Microsoft Visual Studio Solution File, Format Version 12.00
# Visual Studio 15
VisualStudioVersion = 15.0.26124.0
MinimumVisualStudioVersion = 15.0.26124.0
Project("{2150E333-8FDC-42A3-9474-1A3956D46DE8}") = "Code", "Code", "{D4468463-1623-4307-9E0B-FEF4993B390D}"
EndProject
Project("{FAE04EC0-301F-11D3-BF4B-00C04F79EFBC}") = "mongodbdotnet.Api", "Code\mongodbdotnet.Api\mongodbdotnet.Api.csproj", "{E4C59008-AD20-4EA7-BA9C-B1B6AFDBFA69}"
EndProject
Project("{FAE04EC0-301F-11D3-BF4B-00C04F79EFBC}") = "mongodbdotnet.BusinessEntities", "Code\mongodbdotnet.BusinessEntities\mongodbdotnet.BusinessEntities.csproj", "{E1164E24-DF9E-423E-8BF1-8D371BDAAA54}"
EndProject
Project("{FAE04EC0-301F-11D3-BF4B-00C04F79EFBC}") = "mongodbdotnet.BusinessServices", "Code\mongodbdotnet.BusinessServices\mongodbdotnet.BusinessServices.csproj", "{60E3F47F-99D5-4DAF-94BD-C11E872B1E80}"
EndProject
Project("{FAE04EC0-301F-11D3-BF4B-00C04F79EFBC}") = "mongodbdotnet.Contracts", "Code\mongodbdotnet.Contracts\mongodbdotnet.Contracts.csproj", "{DDBE45EB-F1AD-4D3A-B2E3-4417567F0B88}"
EndProject
Project("{FAE04EC0-301F-11D3-BF4B-00C04F79EFBC}") = "mongodbdotnet.Data", "Code\mongodbdotnet.Data\mongodbdotnet.Data.csproj", "{7C5F6C60-A05A-4B3E-BCA9-28F859629AFB}"
EndProject
Project("{FAE04EC0-301F-11D3-BF4B-00C04F79EFBC}") = "mongodbdotnet.Test.Api", "Code\mongodbdotnet.Test.Api\mongodbdotnet.Test.Api.csproj", "{1128B2DE-10D6-4DC8-9635-F840B2144AB1}"
EndProject
Project("{FAE04EC0-301F-11D3-BF4B-00C04F79EFBC}") = "mongodbdotnet.Test.Business", "Code\mongodbdotnet.Test.Business\mongodbdotnet.Test.Business.csproj", "{DEEA3A73-10CD-437B-98B4-09A813BEB7C5}"
EndProject
Project("{FAE04EC0-301F-11D3-BF4B-00C04F79EFBC}") = "mongodbdotnet.Test.Framework", "Code\mongodbdotnet.Test.Framework\mongodbdotnet.Test.Framework.csproj", "{5B313147-CDD7-410F-9927-78FEE8F52839}"
EndProject
Project("{2150E333-8FDC-42A3-9474-1A3956D46DE8}") = "Test", "Test", "{4E31DD30-BAEC-4782-9AAF-B34E721484CE}"
EndProject
Global
	GlobalSection(SolutionConfigurationPlatforms) = preSolution
		Debug|Any CPU = Debug|Any CPU
		Debug|x64 = Debug|x64
		Debug|x86 = Debug|x86
		Release|Any CPU = Release|Any CPU
		Release|x64 = Release|x64
		Release|x86 = Release|x86
	EndGlobalSection
	GlobalSection(SolutionProperties) = preSolution
		HideSolutionNode = FALSE
	EndGlobalSection
	GlobalSection(ProjectConfigurationPlatforms) = postSolution
		{E4C59008-AD20-4EA7-BA9C-B1B6AFDBFA69}.Debug|Any CPU.ActiveCfg = Debug|Any CPU
		{E4C59008-AD20-4EA7-BA9C-B1B6AFDBFA69}.Debug|Any CPU.Build.0 = Debug|Any CPU
		{E4C59008-AD20-4EA7-BA9C-B1B6AFDBFA69}.Debug|x64.ActiveCfg = Debug|Any CPU
		{E4C59008-AD20-4EA7-BA9C-B1B6AFDBFA69}.Debug|x64.Build.0 = Debug|Any CPU
		{E4C59008-AD20-4EA7-BA9C-B1B6AFDBFA69}.Debug|x86.ActiveCfg = Debug|Any CPU
		{E4C59008-AD20-4EA7-BA9C-B1B6AFDBFA69}.Debug|x86.Build.0 = Debug|Any CPU
		{E4C59008-AD20-4EA7-BA9C-B1B6AFDBFA69}.Release|Any CPU.ActiveCfg = Release|Any CPU
		{E4C59008-AD20-4EA7-BA9C-B1B6AFDBFA69}.Release|Any CPU.Build.0 = Release|Any CPU
		{E4C59008-AD20-4EA7-BA9C-B1B6AFDBFA69}.Release|x64.ActiveCfg = Release|Any CPU
		{E4C59008-AD20-4EA7-BA9C-B1B6AFDBFA69}.Release|x64.Build.0 = Release|Any CPU
		{E4C59008-AD20-4EA7-BA9C-B1B6AFDBFA69}.Release|x86.ActiveCfg = Release|Any CPU
		{E4C59008-AD20-4EA7-BA9C-B1B6AFDBFA69}.Release|x86.Build.0 = Release|Any CPU
		{E1164E24-DF9E-423E-8BF1-8D371BDAAA54}.Debug|Any CPU.ActiveCfg = Debug|Any CPU
		{E1164E24-DF9E-423E-8BF1-8D371BDAAA54}.Debug|Any CPU.Build.0 = Debug|Any CPU
		{E1164E24-DF9E-423E-8BF1-8D371BDAAA54}.Debug|x64.ActiveCfg = Debug|Any CPU
		{E1164E24-DF9E-423E-8BF1-8D371BDAAA54}.Debug|x64.Build.0 = Debug|Any CPU
		{E1164E24-DF9E-423E-8BF1-8D371BDAAA54}.Debug|x86.ActiveCfg = Debug|Any CPU
		{E1164E24-DF9E-423E-8BF1-8D371BDAAA54}.Debug|x86.Build.0 = Debug|Any CPU
		{E1164E24-DF9E-423E-8BF1-8D371BDAAA54}.Release|Any CPU.ActiveCfg = Release|Any CPU
		{E1164E24-DF9E-423E-8BF1-8D371BDAAA54}.Release|Any CPU.Build.0 = Release|Any CPU
		{E1164E24-DF9E-423E-8BF1-8D371BDAAA54}.Release|x64.ActiveCfg = Release|Any CPU
		{E1164E24-DF9E-423E-8BF1-8D371BDAAA54}.Release|x64.Build.0 = Release|Any CPU
		{E1164E24-DF9E-423E-8BF1-8D371BDAAA54}.Release|x86.ActiveCfg = Release|Any CPU
		{E1164E24-DF9E-423E-8BF1-8D371BDAAA54}.Release|x86.Build.0 = Release|Any CPU
		{60E3F47F-99D5-4DAF-94BD-C11E872B1E80}.Debug|Any CPU.ActiveCfg = Debug|Any CPU
		{60E3F47F-99D5-4DAF-94BD-C11E872B1E80}.Debug|Any CPU.Build.0 = Debug|Any CPU
		{60E3F47F-99D5-4DAF-94BD-C11E872B1E80}.Debug|x64.ActiveCfg = Debug|Any CPU
		{60E3F47F-99D5-4DAF-94BD-C11E872B1E80}.Debug|x64.Build.0 = Debug|Any CPU
		{60E3F47F-99D5-4DAF-94BD-C11E872B1E80}.Debug|x86.ActiveCfg = Debug|Any CPU
		{60E3F47F-99D5-4DAF-94BD-C11E872B1E80}.Debug|x86.Build.0 = Debug|Any CPU
		{60E3F47F-99D5-4DAF-94BD-C11E872B1E80}.Release|Any CPU.ActiveCfg = Release|Any CPU
		{60E3F47F-99D5-4DAF-94BD-C11E872B1E80}.Release|Any CPU.Build.0 = Release|Any CPU
		{60E3F47F-99D5-4DAF-94BD-C11E872B1E80}.Release|x64.ActiveCfg = Release|Any CPU
		{60E3F47F-99D5-4DAF-94BD-C11E872B1E80}.Release|x64.Build.0 = Release|Any CPU
		{60E3F47F-99D5-4DAF-94BD-C11E872B1E80}.Release|x86.ActiveCfg = Release|Any CPU
		{60E3F47F-99D5-4DAF-94BD-C11E872B1E80}.Release|x86.Build.0 = Release|Any CPU
		{DDBE45EB-F1AD-4D3A-B2E3-4417567F0B88}.Debug|Any CPU.ActiveCfg = Debug|Any CPU
		{DDBE45EB-F1AD-4D3A-B2E3-4417567F0B88}.Debug|Any CPU.Build.0 = Debug|Any CPU
		{DDBE45EB-F1AD-4D3A-B2E3-4417567F0B88}.Debug|x64.ActiveCfg = Debug|Any CPU
		{DDBE45EB-F1AD-4D3A-B2E3-4417567F0B88}.Debug|x64.Build.0 = Debug|Any CPU
		{DDBE45EB-F1AD-4D3A-B2E3-4417567F0B88}.Debug|x86.ActiveCfg = Debug|Any CPU
		{DDBE45EB-F1AD-4D3A-B2E3-4417567F0B88}.Debug|x86.Build.0 = Debug|Any CPU
		{DDBE45EB-F1AD-4D3A-B2E3-4417567F0B88}.Release|Any CPU.ActiveCfg = Release|Any CPU
		{DDBE45EB-F1AD-4D3A-B2E3-4417567F0B88}.Release|Any CPU.Build.0 = Release|Any CPU
		{DDBE45EB-F1AD-4D3A-B2E3-4417567F0B88}.Release|x64.ActiveCfg = Release|Any CPU
		{DDBE45EB-F1AD-4D3A-B2E3-4417567F0B88}.Release|x64.Build.0 = Release|Any CPU
		{DDBE45EB-F1AD-4D3A-B2E3-4417567F0B88}.Release|x86.ActiveCfg = Release|Any CPU
		{DDBE45EB-F1AD-4D3A-B2E3-4417567F0B88}.Release|x86.Build.0 = Release|Any CPU
		{7C5F6C60-A05A-4B3E-BCA9-28F859629AFB}.Debug|Any CPU.ActiveCfg = Debug|Any CPU
		{7C5F6C60-A05A-4B3E-BCA9-28F859629AFB}.Debug|Any CPU.Build.0 = Debug|Any CPU
		{7C5F6C60-A05A-4B3E-BCA9-28F859629AFB}.Debug|x64.ActiveCfg = Debug|Any CPU
		{7C5F6C60-A05A-4B3E-BCA9-28F859629AFB}.Debug|x64.Build.0 = Debug|Any CPU
		{7C5F6C60-A05A-4B3E-BCA9-28F859629AFB}.Debug|x86.ActiveCfg = Debug|Any CPU
		{7C5F6C60-A05A-4B3E-BCA9-28F859629AFB}.Debug|x86.Build.0 = Debug|Any CPU
		{7C5F6C60-A05A-4B3E-BCA9-28F859629AFB}.Release|Any CPU.ActiveCfg = Release|Any CPU
		{7C5F6C60-A05A-4B3E-BCA9-28F859629AFB}.Release|Any CPU.Build.0 = Release|Any CPU
		{7C5F6C60-A05A-4B3E-BCA9-28F859629AFB}.Release|x64.ActiveCfg = Release|Any CPU
		{7C5F6C60-A05A-4B3E-BCA9-28F859629AFB}.Release|x64.Build.0 = Release|Any CPU
		{7C5F6C60-A05A-4B3E-BCA9-28F859629AFB}.Release|x86.ActiveCfg = Release|Any CPU
		{7C5F6C60-A05A-4B3E-BCA9-28F859629AFB}.Release|x86.Build.0 = Release|Any CPU
		{1128B2DE-10D6-4DC8-9635-F840B2144AB1}.Debug|Any CPU.ActiveCfg = Debug|Any CPU
		{1128B2DE-10D6-4DC8-9635-F840B2144AB1}.Debug|Any CPU.Build.0 = Debug|Any CPU
		{1128B2DE-10D6-4DC8-9635-F840B2144AB1}.Debug|x64.ActiveCfg = Debug|Any CPU
		{1128B2DE-10D6-4DC8-9635-F840B2144AB1}.Debug|x64.Build.0 = Debug|Any CPU
		{1128B2DE-10D6-4DC8-9635-F840B2144AB1}.Debug|x86.ActiveCfg = Debug|Any CPU
		{1128B2DE-10D6-4DC8-9635-F840B2144AB1}.Debug|x86.Build.0 = Debug|Any CPU
		{1128B2DE-10D6-4DC8-9635-F840B2144AB1}.Release|Any CPU.ActiveCfg = Release|Any CPU
		{1128B2DE-10D6-4DC8-9635-F840B2144AB1}.Release|Any CPU.Build.0 = Release|Any CPU
		{1128B2DE-10D6-4DC8-9635-F840B2144AB1}.Release|x64.ActiveCfg = Release|Any CPU
		{1128B2DE-10D6-4DC8-9635-F840B2144AB1}.Release|x64.Build.0 = Release|Any CPU
		{1128B2DE-10D6-4DC8-9635-F840B2144AB1}.Release|x86.ActiveCfg = Release|Any CPU
		{1128B2DE-10D6-4DC8-9635-F840B2144AB1}.Release|x86.Build.0 = Release|Any CPU
		{DEEA3A73-10CD-437B-98B4-09A813BEB7C5}.Debug|Any CPU.ActiveCfg = Debug|Any CPU
		{DEEA3A73-10CD-437B-98B4-09A813BEB7C5}.Debug|Any CPU.Build.0 = Debug|Any CPU
		{DEEA3A73-10CD-437B-98B4-09A813BEB7C5}.Debug|x64.ActiveCfg = Debug|Any CPU
		{DEEA3A73-10CD-437B-98B4-09A813BEB7C5}.Debug|x64.Build.0 = Debug|Any CPU
		{DEEA3A73-10CD-437B-98B4-09A813BEB7C5}.Debug|x86.ActiveCfg = Debug|Any CPU
		{DEEA3A73-10CD-437B-98B4-09A813BEB7C5}.Debug|x86.Build.0 = Debug|Any CPU
		{DEEA3A73-10CD-437B-98B4-09A813BEB7C5}.Release|Any CPU.ActiveCfg = Release|Any CPU
		{DEEA3A73-10CD-437B-98B4-09A813BEB7C5}.Release|Any CPU.Build.0 = Release|Any CPU
		{DEEA3A73-10CD-437B-98B4-09A813BEB7C5}.Release|x64.ActiveCfg = Release|Any CPU
		{DEEA3A73-10CD-437B-98B4-09A813BEB7C5}.Release|x64.Build.0 = Release|Any CPU
		{DEEA3A73-10CD-437B-98B4-09A813BEB7C5}.Release|x86.ActiveCfg = Release|Any CPU
		{DEEA3A73-10CD-437B-98B4-09A813BEB7C5}.Release|x86.Build.0 = Release|Any CPU
		{5B313147-CDD7-410F-9927-78FEE8F52839}.Debug|Any CPU.ActiveCfg = Debug|Any CPU
		{5B313147-CDD7-410F-9927-78FEE8F52839}.Debug|Any CPU.Build.0 = Debug|Any CPU
		{5B313147-CDD7-410F-9927-78FEE8F52839}.Debug|x64.ActiveCfg = Debug|Any CPU
		{5B313147-CDD7-410F-9927-78FEE8F52839}.Debug|x64.Build.0 = Debug|Any CPU
		{5B313147-CDD7-410F-9927-78FEE8F52839}.Debug|x86.ActiveCfg = Debug|Any CPU
		{5B313147-CDD7-410F-9927-78FEE8F52839}.Debug|x86.Build.0 = Debug|Any CPU
		{5B313147-CDD7-410F-9927-78FEE8F52839}.Release|Any CPU.ActiveCfg = Release|Any CPU
		{5B313147-CDD7-410F-9927-78FEE8F52839}.Release|Any CPU.Build.0 = Release|Any CPU
		{5B313147-CDD7-410F-9927-78FEE8F52839}.Release|x64.ActiveCfg = Release|Any CPU
		{5B313147-CDD7-410F-9927-78FEE8F52839}.Release|x64.Build.0 = Release|Any CPU
		{5B313147-CDD7-410F-9927-78FEE8F52839}.Release|x86.ActiveCfg = Release|Any CPU
		{5B313147-CDD7-410F-9927-78FEE8F52839}.Release|x86.Build.0 = Release|Any CPU
	EndGlobalSection
	GlobalSection(NestedProjects) = preSolution
		{E4C59008-AD20-4EA7-BA9C-B1B6AFDBFA69} = {D4468463-1623-4307-9E0B-FEF4993B390D}
		{E1164E24-DF9E-423E-8BF1-8D371BDAAA54} = {D4468463-1623-4307-9E0B-FEF4993B390D}
		{60E3F47F-99D5-4DAF-94BD-C11E872B1E80} = {D4468463-1623-4307-9E0B-FEF4993B390D}
		{DDBE45EB-F1AD-4D3A-B2E3-4417567F0B88} = {D4468463-1623-4307-9E0B-FEF4993B390D}
		{7C5F6C60-A05A-4B3E-BCA9-28F859629AFB} = {D4468463-1623-4307-9E0B-FEF4993B390D}
		{1128B2DE-10D6-4DC8-9635-F840B2144AB1} = {4E31DD30-BAEC-4782-9AAF-B34E721484CE}
		{DEEA3A73-10CD-437B-98B4-09A813BEB7C5} = {4E31DD30-BAEC-4782-9AAF-B34E721484CE}
		{5B313147-CDD7-410F-9927-78FEE8F52839} = {4E31DD30-BAEC-4782-9AAF-B34E721484CE}
	EndGlobalSection
EndGlobal
