
Microsoft Visual Studio Solution File, Format Version 12.00
# Visual Studio 15
VisualStudioVersion = 15.0.26124.0
MinimumVisualStudioVersion = 15.0.26124.0
Project("{2150E333-8FDC-42A3-9474-1A3956D46DE8}") = "Code", "Code", "{BE3CD847-744C-4918-8B3A-A0F464113381}"
EndProject
Project("{FAE04EC0-301F-11D3-BF4B-00C04F79EFBC}") = "dotnet.Api", "Code\dotnet.Api\dotnet.Api.csproj", "{6212B7D2-9299-4989-9B69-5C687B51A558}"
EndProject
Project("{FAE04EC0-301F-11D3-BF4B-00C04F79EFBC}") = "dotnet.BusinessEntities", "Code\dotnet.BusinessEntities\dotnet.BusinessEntities.csproj", "{F8EDF623-A240-4AE0-A1C9-1FB04F57AF73}"
EndProject
Project("{FAE04EC0-301F-11D3-BF4B-00C04F79EFBC}") = "dotnet.BusinessServices", "Code\dotnet.BusinessServices\dotnet.BusinessServices.csproj", "{7AEB9217-856E-46E3-86E8-243BE567D381}"
EndProject
Project("{FAE04EC0-301F-11D3-BF4B-00C04F79EFBC}") = "dotnet.Contracts", "Code\dotnet.Contracts\dotnet.Contracts.csproj", "{CAE6C5B9-0D53-422E-86C5-B0FA92E27DD4}"
EndProject
Project("{FAE04EC0-301F-11D3-BF4B-00C04F79EFBC}") = "dotnet.Data", "Code\dotnet.Data\dotnet.Data.csproj", "{E73DC8FD-9333-42E2-A9B4-DA333FB10995}"
EndProject
Project("{FAE04EC0-301F-11D3-BF4B-00C04F79EFBC}") = "dotnet.Test.Api", "Code\dotnet.Test.Api\dotnet.Test.Api.csproj", "{032F4E55-893D-410C-B2A9-E3679CBC47F7}"
EndProject
Project("{FAE04EC0-301F-11D3-BF4B-00C04F79EFBC}") = "dotnet.Test.Business", "Code\dotnet.Test.Business\dotnet.Test.Business.csproj", "{FB2F336A-F7E7-452E-91C0-AEE0DA2CAD78}"
EndProject
Project("{FAE04EC0-301F-11D3-BF4B-00C04F79EFBC}") = "dotnet.Test.Framework", "Code\dotnet.Test.Framework\dotnet.Test.Framework.csproj", "{5A25163D-31C9-4C2C-816A-467E9C045205}"
EndProject
Project("{2150E333-8FDC-42A3-9474-1A3956D46DE8}") = "Test", "Test", "{CE76B9DA-228F-4B91-A1A1-B661E6BF667F}"
EndProject
Global
	GlobalSection(SolutionConfigurationPlatforms) = preSolution
		Debug|Any CPU = Debug|Any CPU
		Debug|x64 = Debug|x64
		Debug|x86 = Debug|x86
		Release|Any CPU = Release|Any CPU
		Release|x64 = Release|x64
		Release|x86 = Release|x86
	EndGlobalSection
	GlobalSection(SolutionProperties) = preSolution
		HideSolutionNode = FALSE
	EndGlobalSection
	GlobalSection(ProjectConfigurationPlatforms) = postSolution
		{6212B7D2-9299-4989-9B69-5C687B51A558}.Debug|Any CPU.ActiveCfg = Debug|Any CPU
		{6212B7D2-9299-4989-9B69-5C687B51A558}.Debug|Any CPU.Build.0 = Debug|Any CPU
		{6212B7D2-9299-4989-9B69-5C687B51A558}.Debug|x64.ActiveCfg = Debug|Any CPU
		{6212B7D2-9299-4989-9B69-5C687B51A558}.Debug|x64.Build.0 = Debug|Any CPU
		{6212B7D2-9299-4989-9B69-5C687B51A558}.Debug|x86.ActiveCfg = Debug|Any CPU
		{6212B7D2-9299-4989-9B69-5C687B51A558}.Debug|x86.Build.0 = Debug|Any CPU
		{6212B7D2-9299-4989-9B69-5C687B51A558}.Release|Any CPU.ActiveCfg = Release|Any CPU
		{6212B7D2-9299-4989-9B69-5C687B51A558}.Release|Any CPU.Build.0 = Release|Any CPU
		{6212B7D2-9299-4989-9B69-5C687B51A558}.Release|x64.ActiveCfg = Release|Any CPU
		{6212B7D2-9299-4989-9B69-5C687B51A558}.Release|x64.Build.0 = Release|Any CPU
		{6212B7D2-9299-4989-9B69-5C687B51A558}.Release|x86.ActiveCfg = Release|Any CPU
		{6212B7D2-9299-4989-9B69-5C687B51A558}.Release|x86.Build.0 = Release|Any CPU
		{F8EDF623-A240-4AE0-A1C9-1FB04F57AF73}.Debug|Any CPU.ActiveCfg = Debug|Any CPU
		{F8EDF623-A240-4AE0-A1C9-1FB04F57AF73}.Debug|Any CPU.Build.0 = Debug|Any CPU
		{F8EDF623-A240-4AE0-A1C9-1FB04F57AF73}.Debug|x64.ActiveCfg = Debug|Any CPU
		{F8EDF623-A240-4AE0-A1C9-1FB04F57AF73}.Debug|x64.Build.0 = Debug|Any CPU
		{F8EDF623-A240-4AE0-A1C9-1FB04F57AF73}.Debug|x86.ActiveCfg = Debug|Any CPU
		{F8EDF623-A240-4AE0-A1C9-1FB04F57AF73}.Debug|x86.Build.0 = Debug|Any CPU
		{F8EDF623-A240-4AE0-A1C9-1FB04F57AF73}.Release|Any CPU.ActiveCfg = Release|Any CPU
		{F8EDF623-A240-4AE0-A1C9-1FB04F57AF73}.Release|Any CPU.Build.0 = Release|Any CPU
		{F8EDF623-A240-4AE0-A1C9-1FB04F57AF73}.Release|x64.ActiveCfg = Release|Any CPU
		{F8EDF623-A240-4AE0-A1C9-1FB04F57AF73}.Release|x64.Build.0 = Release|Any CPU
		{F8EDF623-A240-4AE0-A1C9-1FB04F57AF73}.Release|x86.ActiveCfg = Release|Any CPU
		{F8EDF623-A240-4AE0-A1C9-1FB04F57AF73}.Release|x86.Build.0 = Release|Any CPU
		{7AEB9217-856E-46E3-86E8-243BE567D381}.Debug|Any CPU.ActiveCfg = Debug|Any CPU
		{7AEB9217-856E-46E3-86E8-243BE567D381}.Debug|Any CPU.Build.0 = Debug|Any CPU
		{7AEB9217-856E-46E3-86E8-243BE567D381}.Debug|x64.ActiveCfg = Debug|Any CPU
		{7AEB9217-856E-46E3-86E8-243BE567D381}.Debug|x64.Build.0 = Debug|Any CPU
		{7AEB9217-856E-46E3-86E8-243BE567D381}.Debug|x86.ActiveCfg = Debug|Any CPU
		{7AEB9217-856E-46E3-86E8-243BE567D381}.Debug|x86.Build.0 = Debug|Any CPU
		{7AEB9217-856E-46E3-86E8-243BE567D381}.Release|Any CPU.ActiveCfg = Release|Any CPU
		{7AEB9217-856E-46E3-86E8-243BE567D381}.Release|Any CPU.Build.0 = Release|Any CPU
		{7AEB9217-856E-46E3-86E8-243BE567D381}.Release|x64.ActiveCfg = Release|Any CPU
		{7AEB9217-856E-46E3-86E8-243BE567D381}.Release|x64.Build.0 = Release|Any CPU
		{7AEB9217-856E-46E3-86E8-243BE567D381}.Release|x86.ActiveCfg = Release|Any CPU
		{7AEB9217-856E-46E3-86E8-243BE567D381}.Release|x86.Build.0 = Release|Any CPU
		{CAE6C5B9-0D53-422E-86C5-B0FA92E27DD4}.Debug|Any CPU.ActiveCfg = Debug|Any CPU
		{CAE6C5B9-0D53-422E-86C5-B0FA92E27DD4}.Debug|Any CPU.Build.0 = Debug|Any CPU
		{CAE6C5B9-0D53-422E-86C5-B0FA92E27DD4}.Debug|x64.ActiveCfg = Debug|Any CPU
		{CAE6C5B9-0D53-422E-86C5-B0FA92E27DD4}.Debug|x64.Build.0 = Debug|Any CPU
		{CAE6C5B9-0D53-422E-86C5-B0FA92E27DD4}.Debug|x86.ActiveCfg = Debug|Any CPU
		{CAE6C5B9-0D53-422E-86C5-B0FA92E27DD4}.Debug|x86.Build.0 = Debug|Any CPU
		{CAE6C5B9-0D53-422E-86C5-B0FA92E27DD4}.Release|Any CPU.ActiveCfg = Release|Any CPU
		{CAE6C5B9-0D53-422E-86C5-B0FA92E27DD4}.Release|Any CPU.Build.0 = Release|Any CPU
		{CAE6C5B9-0D53-422E-86C5-B0FA92E27DD4}.Release|x64.ActiveCfg = Release|Any CPU
		{CAE6C5B9-0D53-422E-86C5-B0FA92E27DD4}.Release|x64.Build.0 = Release|Any CPU
		{CAE6C5B9-0D53-422E-86C5-B0FA92E27DD4}.Release|x86.ActiveCfg = Release|Any CPU
		{CAE6C5B9-0D53-422E-86C5-B0FA92E27DD4}.Release|x86.Build.0 = Release|Any CPU
		{E73DC8FD-9333-42E2-A9B4-DA333FB10995}.Debug|Any CPU.ActiveCfg = Debug|Any CPU
		{E73DC8FD-9333-42E2-A9B4-DA333FB10995}.Debug|Any CPU.Build.0 = Debug|Any CPU
		{E73DC8FD-9333-42E2-A9B4-DA333FB10995}.Debug|x64.ActiveCfg = Debug|Any CPU
		{E73DC8FD-9333-42E2-A9B4-DA333FB10995}.Debug|x64.Build.0 = Debug|Any CPU
		{E73DC8FD-9333-42E2-A9B4-DA333FB10995}.Debug|x86.ActiveCfg = Debug|Any CPU
		{E73DC8FD-9333-42E2-A9B4-DA333FB10995}.Debug|x86.Build.0 = Debug|Any CPU
		{E73DC8FD-9333-42E2-A9B4-DA333FB10995}.Release|Any CPU.ActiveCfg = Release|Any CPU
		{E73DC8FD-9333-42E2-A9B4-DA333FB10995}.Release|Any CPU.Build.0 = Release|Any CPU
		{E73DC8FD-9333-42E2-A9B4-DA333FB10995}.Release|x64.ActiveCfg = Release|Any CPU
		{E73DC8FD-9333-42E2-A9B4-DA333FB10995}.Release|x64.Build.0 = Release|Any CPU
		{E73DC8FD-9333-42E2-A9B4-DA333FB10995}.Release|x86.ActiveCfg = Release|Any CPU
		{E73DC8FD-9333-42E2-A9B4-DA333FB10995}.Release|x86.Build.0 = Release|Any CPU
		{032F4E55-893D-410C-B2A9-E3679CBC47F7}.Debug|Any CPU.ActiveCfg = Debug|Any CPU
		{032F4E55-893D-410C-B2A9-E3679CBC47F7}.Debug|Any CPU.Build.0 = Debug|Any CPU
		{032F4E55-893D-410C-B2A9-E3679CBC47F7}.Debug|x64.ActiveCfg = Debug|Any CPU
		{032F4E55-893D-410C-B2A9-E3679CBC47F7}.Debug|x64.Build.0 = Debug|Any CPU
		{032F4E55-893D-410C-B2A9-E3679CBC47F7}.Debug|x86.ActiveCfg = Debug|Any CPU
		{032F4E55-893D-410C-B2A9-E3679CBC47F7}.Debug|x86.Build.0 = Debug|Any CPU
		{032F4E55-893D-410C-B2A9-E3679CBC47F7}.Release|Any CPU.ActiveCfg = Release|Any CPU
		{032F4E55-893D-410C-B2A9-E3679CBC47F7}.Release|Any CPU.Build.0 = Release|Any CPU
		{032F4E55-893D-410C-B2A9-E3679CBC47F7}.Release|x64.ActiveCfg = Release|Any CPU
		{032F4E55-893D-410C-B2A9-E3679CBC47F7}.Release|x64.Build.0 = Release|Any CPU
		{032F4E55-893D-410C-B2A9-E3679CBC47F7}.Release|x86.ActiveCfg = Release|Any CPU
		{032F4E55-893D-410C-B2A9-E3679CBC47F7}.Release|x86.Build.0 = Release|Any CPU
		{FB2F336A-F7E7-452E-91C0-AEE0DA2CAD78}.Debug|Any CPU.ActiveCfg = Debug|Any CPU
		{FB2F336A-F7E7-452E-91C0-AEE0DA2CAD78}.Debug|Any CPU.Build.0 = Debug|Any CPU
		{FB2F336A-F7E7-452E-91C0-AEE0DA2CAD78}.Debug|x64.ActiveCfg = Debug|Any CPU
		{FB2F336A-F7E7-452E-91C0-AEE0DA2CAD78}.Debug|x64.Build.0 = Debug|Any CPU
		{FB2F336A-F7E7-452E-91C0-AEE0DA2CAD78}.Debug|x86.ActiveCfg = Debug|Any CPU
		{FB2F336A-F7E7-452E-91C0-AEE0DA2CAD78}.Debug|x86.Build.0 = Debug|Any CPU
		{FB2F336A-F7E7-452E-91C0-AEE0DA2CAD78}.Release|Any CPU.ActiveCfg = Release|Any CPU
		{FB2F336A-F7E7-452E-91C0-AEE0DA2CAD78}.Release|Any CPU.Build.0 = Release|Any CPU
		{FB2F336A-F7E7-452E-91C0-AEE0DA2CAD78}.Release|x64.ActiveCfg = Release|Any CPU
		{FB2F336A-F7E7-452E-91C0-AEE0DA2CAD78}.Release|x64.Build.0 = Release|Any CPU
		{FB2F336A-F7E7-452E-91C0-AEE0DA2CAD78}.Release|x86.ActiveCfg = Release|Any CPU
		{FB2F336A-F7E7-452E-91C0-AEE0DA2CAD78}.Release|x86.Build.0 = Release|Any CPU
		{5A25163D-31C9-4C2C-816A-467E9C045205}.Debug|Any CPU.ActiveCfg = Debug|Any CPU
		{5A25163D-31C9-4C2C-816A-467E9C045205}.Debug|Any CPU.Build.0 = Debug|Any CPU
		{5A25163D-31C9-4C2C-816A-467E9C045205}.Debug|x64.ActiveCfg = Debug|Any CPU
		{5A25163D-31C9-4C2C-816A-467E9C045205}.Debug|x64.Build.0 = Debug|Any CPU
		{5A25163D-31C9-4C2C-816A-467E9C045205}.Debug|x86.ActiveCfg = Debug|Any CPU
		{5A25163D-31C9-4C2C-816A-467E9C045205}.Debug|x86.Build.0 = Debug|Any CPU
		{5A25163D-31C9-4C2C-816A-467E9C045205}.Release|Any CPU.ActiveCfg = Release|Any CPU
		{5A25163D-31C9-4C2C-816A-467E9C045205}.Release|Any CPU.Build.0 = Release|Any CPU
		{5A25163D-31C9-4C2C-816A-467E9C045205}.Release|x64.ActiveCfg = Release|Any CPU
		{5A25163D-31C9-4C2C-816A-467E9C045205}.Release|x64.Build.0 = Release|Any CPU
		{5A25163D-31C9-4C2C-816A-467E9C045205}.Release|x86.ActiveCfg = Release|Any CPU
		{5A25163D-31C9-4C2C-816A-467E9C045205}.Release|x86.Build.0 = Release|Any CPU
	EndGlobalSection
	GlobalSection(NestedProjects) = preSolution
		{6212B7D2-9299-4989-9B69-5C687B51A558} = {BE3CD847-744C-4918-8B3A-A0F464113381}
		{F8EDF623-A240-4AE0-A1C9-1FB04F57AF73} = {BE3CD847-744C-4918-8B3A-A0F464113381}
		{7AEB9217-856E-46E3-86E8-243BE567D381} = {BE3CD847-744C-4918-8B3A-A0F464113381}
		{CAE6C5B9-0D53-422E-86C5-B0FA92E27DD4} = {BE3CD847-744C-4918-8B3A-A0F464113381}
		{E73DC8FD-9333-42E2-A9B4-DA333FB10995} = {BE3CD847-744C-4918-8B3A-A0F464113381}
		{032F4E55-893D-410C-B2A9-E3679CBC47F7} = {CE76B9DA-228F-4B91-A1A1-B661E6BF667F}
		{FB2F336A-F7E7-452E-91C0-AEE0DA2CAD78} = {CE76B9DA-228F-4B91-A1A1-B661E6BF667F}
		{5A25163D-31C9-4C2C-816A-467E9C045205} = {CE76B9DA-228F-4B91-A1A1-B661E6BF667F}
	EndGlobalSection
EndGlobal
