
Microsoft Visual Studio Solution File, Format Version 12.00
# Visual Studio 15
VisualStudioVersion = 15.0.26124.0
MinimumVisualStudioVersion = 15.0.26124.0
Project("{2150E333-8FDC-42A3-9474-1A3956D46DE8}") = "Code", "Code", "{D21D707E-D9F8-42D9-B8F1-0D734F489746}"
EndProject
Project("{FAE04EC0-301F-11D3-BF4B-00C04F79EFBC}") = "testtttttttt.Api", "Code\testtttttttt.Api\testtttttttt.Api.csproj", "{BA997ADC-121D-4E69-80A3-22723CBBB637}"
EndProject
Project("{FAE04EC0-301F-11D3-BF4B-00C04F79EFBC}") = "testtttttttt.BusinessEntities", "Code\testtttttttt.BusinessEntities\testtttttttt.BusinessEntities.csproj", "{13B2CBA9-BE31-4894-9E04-5E267F7DFDE5}"
EndProject
Project("{FAE04EC0-301F-11D3-BF4B-00C04F79EFBC}") = "testtttttttt.BusinessServices", "Code\testtttttttt.BusinessServices\testtttttttt.BusinessServices.csproj", "{F614BBFC-37BD-472D-8AC0-F30EBFAB697A}"
EndProject
Project("{FAE04EC0-301F-11D3-BF4B-00C04F79EFBC}") = "testtttttttt.Contracts", "Code\testtttttttt.Contracts\testtttttttt.Contracts.csproj", "{E61959BF-F8C9-4785-80C2-6E4BE30C31BA}"
EndProject
Project("{FAE04EC0-301F-11D3-BF4B-00C04F79EFBC}") = "testtttttttt.Data", "Code\testtttttttt.Data\testtttttttt.Data.csproj", "{BE3056D5-05C7-43FB-9AF5-F4FBD5F3C492}"
EndProject
Project("{FAE04EC0-301F-11D3-BF4B-00C04F79EFBC}") = "testtttttttt.Test.Api", "Code\testtttttttt.Test.Api\testtttttttt.Test.Api.csproj", "{1C9DCC8A-6266-409E-8F8E-444894B9096C}"
EndProject
Project("{FAE04EC0-301F-11D3-BF4B-00C04F79EFBC}") = "testtttttttt.Test.Business", "Code\testtttttttt.Test.Business\testtttttttt.Test.Business.csproj", "{BC0AEE5F-BB7F-4C13-AAA2-ECBF1C27C791}"
EndProject
Project("{FAE04EC0-301F-11D3-BF4B-00C04F79EFBC}") = "testtttttttt.Test.Framework", "Code\testtttttttt.Test.Framework\testtttttttt.Test.Framework.csproj", "{ECEC3B47-6C9A-438E-9766-F7A09C6251C9}"
EndProject
Project("{2150E333-8FDC-42A3-9474-1A3956D46DE8}") = "Test", "Test", "{4A549D52-D160-41C9-946C-02A12296A45E}"
EndProject
Global
	GlobalSection(SolutionConfigurationPlatforms) = preSolution
		Debug|Any CPU = Debug|Any CPU
		Debug|x64 = Debug|x64
		Debug|x86 = Debug|x86
		Release|Any CPU = Release|Any CPU
		Release|x64 = Release|x64
		Release|x86 = Release|x86
	EndGlobalSection
	GlobalSection(SolutionProperties) = preSolution
		HideSolutionNode = FALSE
	EndGlobalSection
	GlobalSection(ProjectConfigurationPlatforms) = postSolution
		{BA997ADC-121D-4E69-80A3-22723CBBB637}.Debug|Any CPU.ActiveCfg = Debug|Any CPU
		{BA997ADC-121D-4E69-80A3-22723CBBB637}.Debug|Any CPU.Build.0 = Debug|Any CPU
		{BA997ADC-121D-4E69-80A3-22723CBBB637}.Debug|x64.ActiveCfg = Debug|Any CPU
		{BA997ADC-121D-4E69-80A3-22723CBBB637}.Debug|x64.Build.0 = Debug|Any CPU
		{BA997ADC-121D-4E69-80A3-22723CBBB637}.Debug|x86.ActiveCfg = Debug|Any CPU
		{BA997ADC-121D-4E69-80A3-22723CBBB637}.Debug|x86.Build.0 = Debug|Any CPU
		{BA997ADC-121D-4E69-80A3-22723CBBB637}.Release|Any CPU.ActiveCfg = Release|Any CPU
		{BA997ADC-121D-4E69-80A3-22723CBBB637}.Release|Any CPU.Build.0 = Release|Any CPU
		{BA997ADC-121D-4E69-80A3-22723CBBB637}.Release|x64.ActiveCfg = Release|Any CPU
		{BA997ADC-121D-4E69-80A3-22723CBBB637}.Release|x64.Build.0 = Release|Any CPU
		{BA997ADC-121D-4E69-80A3-22723CBBB637}.Release|x86.ActiveCfg = Release|Any CPU
		{BA997ADC-121D-4E69-80A3-22723CBBB637}.Release|x86.Build.0 = Release|Any CPU
		{13B2CBA9-BE31-4894-9E04-5E267F7DFDE5}.Debug|Any CPU.ActiveCfg = Debug|Any CPU
		{13B2CBA9-BE31-4894-9E04-5E267F7DFDE5}.Debug|Any CPU.Build.0 = Debug|Any CPU
		{13B2CBA9-BE31-4894-9E04-5E267F7DFDE5}.Debug|x64.ActiveCfg = Debug|Any CPU
		{13B2CBA9-BE31-4894-9E04-5E267F7DFDE5}.Debug|x64.Build.0 = Debug|Any CPU
		{13B2CBA9-BE31-4894-9E04-5E267F7DFDE5}.Debug|x86.ActiveCfg = Debug|Any CPU
		{13B2CBA9-BE31-4894-9E04-5E267F7DFDE5}.Debug|x86.Build.0 = Debug|Any CPU
		{13B2CBA9-BE31-4894-9E04-5E267F7DFDE5}.Release|Any CPU.ActiveCfg = Release|Any CPU
		{13B2CBA9-BE31-4894-9E04-5E267F7DFDE5}.Release|Any CPU.Build.0 = Release|Any CPU
		{13B2CBA9-BE31-4894-9E04-5E267F7DFDE5}.Release|x64.ActiveCfg = Release|Any CPU
		{13B2CBA9-BE31-4894-9E04-5E267F7DFDE5}.Release|x64.Build.0 = Release|Any CPU
		{13B2CBA9-BE31-4894-9E04-5E267F7DFDE5}.Release|x86.ActiveCfg = Release|Any CPU
		{13B2CBA9-BE31-4894-9E04-5E267F7DFDE5}.Release|x86.Build.0 = Release|Any CPU
		{F614BBFC-37BD-472D-8AC0-F30EBFAB697A}.Debug|Any CPU.ActiveCfg = Debug|Any CPU
		{F614BBFC-37BD-472D-8AC0-F30EBFAB697A}.Debug|Any CPU.Build.0 = Debug|Any CPU
		{F614BBFC-37BD-472D-8AC0-F30EBFAB697A}.Debug|x64.ActiveCfg = Debug|Any CPU
		{F614BBFC-37BD-472D-8AC0-F30EBFAB697A}.Debug|x64.Build.0 = Debug|Any CPU
		{F614BBFC-37BD-472D-8AC0-F30EBFAB697A}.Debug|x86.ActiveCfg = Debug|Any CPU
		{F614BBFC-37BD-472D-8AC0-F30EBFAB697A}.Debug|x86.Build.0 = Debug|Any CPU
		{F614BBFC-37BD-472D-8AC0-F30EBFAB697A}.Release|Any CPU.ActiveCfg = Release|Any CPU
		{F614BBFC-37BD-472D-8AC0-F30EBFAB697A}.Release|Any CPU.Build.0 = Release|Any CPU
		{F614BBFC-37BD-472D-8AC0-F30EBFAB697A}.Release|x64.ActiveCfg = Release|Any CPU
		{F614BBFC-37BD-472D-8AC0-F30EBFAB697A}.Release|x64.Build.0 = Release|Any CPU
		{F614BBFC-37BD-472D-8AC0-F30EBFAB697A}.Release|x86.ActiveCfg = Release|Any CPU
		{F614BBFC-37BD-472D-8AC0-F30EBFAB697A}.Release|x86.Build.0 = Release|Any CPU
		{E61959BF-F8C9-4785-80C2-6E4BE30C31BA}.Debug|Any CPU.ActiveCfg = Debug|Any CPU
		{E61959BF-F8C9-4785-80C2-6E4BE30C31BA}.Debug|Any CPU.Build.0 = Debug|Any CPU
		{E61959BF-F8C9-4785-80C2-6E4BE30C31BA}.Debug|x64.ActiveCfg = Debug|Any CPU
		{E61959BF-F8C9-4785-80C2-6E4BE30C31BA}.Debug|x64.Build.0 = Debug|Any CPU
		{E61959BF-F8C9-4785-80C2-6E4BE30C31BA}.Debug|x86.ActiveCfg = Debug|Any CPU
		{E61959BF-F8C9-4785-80C2-6E4BE30C31BA}.Debug|x86.Build.0 = Debug|Any CPU
		{E61959BF-F8C9-4785-80C2-6E4BE30C31BA}.Release|Any CPU.ActiveCfg = Release|Any CPU
		{E61959BF-F8C9-4785-80C2-6E4BE30C31BA}.Release|Any CPU.Build.0 = Release|Any CPU
		{E61959BF-F8C9-4785-80C2-6E4BE30C31BA}.Release|x64.ActiveCfg = Release|Any CPU
		{E61959BF-F8C9-4785-80C2-6E4BE30C31BA}.Release|x64.Build.0 = Release|Any CPU
		{E61959BF-F8C9-4785-80C2-6E4BE30C31BA}.Release|x86.ActiveCfg = Release|Any CPU
		{E61959BF-F8C9-4785-80C2-6E4BE30C31BA}.Release|x86.Build.0 = Release|Any CPU
		{BE3056D5-05C7-43FB-9AF5-F4FBD5F3C492}.Debug|Any CPU.ActiveCfg = Debug|Any CPU
		{BE3056D5-05C7-43FB-9AF5-F4FBD5F3C492}.Debug|Any CPU.Build.0 = Debug|Any CPU
		{BE3056D5-05C7-43FB-9AF5-F4FBD5F3C492}.Debug|x64.ActiveCfg = Debug|Any CPU
		{BE3056D5-05C7-43FB-9AF5-F4FBD5F3C492}.Debug|x64.Build.0 = Debug|Any CPU
		{BE3056D5-05C7-43FB-9AF5-F4FBD5F3C492}.Debug|x86.ActiveCfg = Debug|Any CPU
		{BE3056D5-05C7-43FB-9AF5-F4FBD5F3C492}.Debug|x86.Build.0 = Debug|Any CPU
		{BE3056D5-05C7-43FB-9AF5-F4FBD5F3C492}.Release|Any CPU.ActiveCfg = Release|Any CPU
		{BE3056D5-05C7-43FB-9AF5-F4FBD5F3C492}.Release|Any CPU.Build.0 = Release|Any CPU
		{BE3056D5-05C7-43FB-9AF5-F4FBD5F3C492}.Release|x64.ActiveCfg = Release|Any CPU
		{BE3056D5-05C7-43FB-9AF5-F4FBD5F3C492}.Release|x64.Build.0 = Release|Any CPU
		{BE3056D5-05C7-43FB-9AF5-F4FBD5F3C492}.Release|x86.ActiveCfg = Release|Any CPU
		{BE3056D5-05C7-43FB-9AF5-F4FBD5F3C492}.Release|x86.Build.0 = Release|Any CPU
		{1C9DCC8A-6266-409E-8F8E-444894B9096C}.Debug|Any CPU.ActiveCfg = Debug|Any CPU
		{1C9DCC8A-6266-409E-8F8E-444894B9096C}.Debug|Any CPU.Build.0 = Debug|Any CPU
		{1C9DCC8A-6266-409E-8F8E-444894B9096C}.Debug|x64.ActiveCfg = Debug|Any CPU
		{1C9DCC8A-6266-409E-8F8E-444894B9096C}.Debug|x64.Build.0 = Debug|Any CPU
		{1C9DCC8A-6266-409E-8F8E-444894B9096C}.Debug|x86.ActiveCfg = Debug|Any CPU
		{1C9DCC8A-6266-409E-8F8E-444894B9096C}.Debug|x86.Build.0 = Debug|Any CPU
		{1C9DCC8A-6266-409E-8F8E-444894B9096C}.Release|Any CPU.ActiveCfg = Release|Any CPU
		{1C9DCC8A-6266-409E-8F8E-444894B9096C}.Release|Any CPU.Build.0 = Release|Any CPU
		{1C9DCC8A-6266-409E-8F8E-444894B9096C}.Release|x64.ActiveCfg = Release|Any CPU
		{1C9DCC8A-6266-409E-8F8E-444894B9096C}.Release|x64.Build.0 = Release|Any CPU
		{1C9DCC8A-6266-409E-8F8E-444894B9096C}.Release|x86.ActiveCfg = Release|Any CPU
		{1C9DCC8A-6266-409E-8F8E-444894B9096C}.Release|x86.Build.0 = Release|Any CPU
		{BC0AEE5F-BB7F-4C13-AAA2-ECBF1C27C791}.Debug|Any CPU.ActiveCfg = Debug|Any CPU
		{BC0AEE5F-BB7F-4C13-AAA2-ECBF1C27C791}.Debug|Any CPU.Build.0 = Debug|Any CPU
		{BC0AEE5F-BB7F-4C13-AAA2-ECBF1C27C791}.Debug|x64.ActiveCfg = Debug|Any CPU
		{BC0AEE5F-BB7F-4C13-AAA2-ECBF1C27C791}.Debug|x64.Build.0 = Debug|Any CPU
		{BC0AEE5F-BB7F-4C13-AAA2-ECBF1C27C791}.Debug|x86.ActiveCfg = Debug|Any CPU
		{BC0AEE5F-BB7F-4C13-AAA2-ECBF1C27C791}.Debug|x86.Build.0 = Debug|Any CPU
		{BC0AEE5F-BB7F-4C13-AAA2-ECBF1C27C791}.Release|Any CPU.ActiveCfg = Release|Any CPU
		{BC0AEE5F-BB7F-4C13-AAA2-ECBF1C27C791}.Release|Any CPU.Build.0 = Release|Any CPU
		{BC0AEE5F-BB7F-4C13-AAA2-ECBF1C27C791}.Release|x64.ActiveCfg = Release|Any CPU
		{BC0AEE5F-BB7F-4C13-AAA2-ECBF1C27C791}.Release|x64.Build.0 = Release|Any CPU
		{BC0AEE5F-BB7F-4C13-AAA2-ECBF1C27C791}.Release|x86.ActiveCfg = Release|Any CPU
		{BC0AEE5F-BB7F-4C13-AAA2-ECBF1C27C791}.Release|x86.Build.0 = Release|Any CPU
		{ECEC3B47-6C9A-438E-9766-F7A09C6251C9}.Debug|Any CPU.ActiveCfg = Debug|Any CPU
		{ECEC3B47-6C9A-438E-9766-F7A09C6251C9}.Debug|Any CPU.Build.0 = Debug|Any CPU
		{ECEC3B47-6C9A-438E-9766-F7A09C6251C9}.Debug|x64.ActiveCfg = Debug|Any CPU
		{ECEC3B47-6C9A-438E-9766-F7A09C6251C9}.Debug|x64.Build.0 = Debug|Any CPU
		{ECEC3B47-6C9A-438E-9766-F7A09C6251C9}.Debug|x86.ActiveCfg = Debug|Any CPU
		{ECEC3B47-6C9A-438E-9766-F7A09C6251C9}.Debug|x86.Build.0 = Debug|Any CPU
		{ECEC3B47-6C9A-438E-9766-F7A09C6251C9}.Release|Any CPU.ActiveCfg = Release|Any CPU
		{ECEC3B47-6C9A-438E-9766-F7A09C6251C9}.Release|Any CPU.Build.0 = Release|Any CPU
		{ECEC3B47-6C9A-438E-9766-F7A09C6251C9}.Release|x64.ActiveCfg = Release|Any CPU
		{ECEC3B47-6C9A-438E-9766-F7A09C6251C9}.Release|x64.Build.0 = Release|Any CPU
		{ECEC3B47-6C9A-438E-9766-F7A09C6251C9}.Release|x86.ActiveCfg = Release|Any CPU
		{ECEC3B47-6C9A-438E-9766-F7A09C6251C9}.Release|x86.Build.0 = Release|Any CPU
	EndGlobalSection
	GlobalSection(NestedProjects) = preSolution
		{BA997ADC-121D-4E69-80A3-22723CBBB637} = {D21D707E-D9F8-42D9-B8F1-0D734F489746}
		{13B2CBA9-BE31-4894-9E04-5E267F7DFDE5} = {D21D707E-D9F8-42D9-B8F1-0D734F489746}
		{F614BBFC-37BD-472D-8AC0-F30EBFAB697A} = {D21D707E-D9F8-42D9-B8F1-0D734F489746}
		{E61959BF-F8C9-4785-80C2-6E4BE30C31BA} = {D21D707E-D9F8-42D9-B8F1-0D734F489746}
		{BE3056D5-05C7-43FB-9AF5-F4FBD5F3C492} = {D21D707E-D9F8-42D9-B8F1-0D734F489746}
		{1C9DCC8A-6266-409E-8F8E-444894B9096C} = {4A549D52-D160-41C9-946C-02A12296A45E}
		{BC0AEE5F-BB7F-4C13-AAA2-ECBF1C27C791} = {4A549D52-D160-41C9-946C-02A12296A45E}
		{ECEC3B47-6C9A-438E-9766-F7A09C6251C9} = {4A549D52-D160-41C9-946C-02A12296A45E}
	EndGlobalSection
EndGlobal
